// !$*UTF8*$!
{
	archiveVersion = 1;
	classes = {
	};
	objectVersion = 46;
	objects = {

/* Begin PBXBuildFile section */
		5DC755AC1D19E9E8000608C0 /* AppDelegate.swift in Sources */ = {isa = PBXBuildFile; fileRef = 5DC755AB1D19E9E8000608C0 /* AppDelegate.swift */; };
		5DC755AE1D19E9E8000608C0 /* ViewController.swift in Sources */ = {isa = PBXBuildFile; fileRef = 5DC755AD1D19E9E8000608C0 /* ViewController.swift */; };
		5DC755B31D19E9E8000608C0 /* Assets.xcassets in Resources */ = {isa = PBXBuildFile; fileRef = 5DC755B21D19E9E8000608C0 /* Assets.xcassets */; };
		5DC755B61D19E9E8000608C0 /* LaunchScreen.storyboard in Resources */ = {isa = PBXBuildFile; fileRef = 5DC755B41D19E9E8000608C0 /* LaunchScreen.storyboard */; };
		5DC755C11D19E9E9000608C0 /* ActivityIndicatorTestTests.swift in Sources */ = {isa = PBXBuildFile; fileRef = 5DC755C01D19E9E9000608C0 /* ActivityIndicatorTestTests.swift */; };
		5DC755CC1D19E9E9000608C0 /* ActivityIndicatorTestUITests.swift in Sources */ = {isa = PBXBuildFile; fileRef = 5DC755CB1D19E9E9000608C0 /* ActivityIndicatorTestUITests.swift */; };
		5DC755F01D1B70FB000608C0 /* MUIPercentageIndicatorBar.swift in Sources */ = {isa = PBXBuildFile; fileRef = 5DC755EF1D1B70FB000608C0 /* MUIPercentageIndicatorBar.swift */; };
/* End PBXBuildFile section */

/* Begin PBXContainerItemProxy section */
		5DC755BD1D19E9E9000608C0 /* PBXContainerItemProxy */ = {
			isa = PBXContainerItemProxy;
			containerPortal = 5DC755A01D19E9E8000608C0 /* Project object */;
			proxyType = 1;
			remoteGlobalIDString = 5DC755A71D19E9E8000608C0;
			remoteInfo = ActivityIndicatorTest;
		};
		5DC755C81D19E9E9000608C0 /* PBXContainerItemProxy */ = {
			isa = PBXContainerItemProxy;
			containerPortal = 5DC755A01D19E9E8000608C0 /* Project object */;
			proxyType = 1;
			remoteGlobalIDString = 5DC755A71D19E9E8000608C0;
			remoteInfo = ActivityIndicatorTest;
		};
/* End PBXContainerItemProxy section */

/* Begin PBXFileReference section */
		5DC755A81D19E9E8000608C0 /* ActivityIndicatorTest.app */ = {isa = PBXFileReference; explicitFileType = wrapper.application; includeInIndex = 0; path = ActivityIndicatorTest.app; sourceTree = BUILT_PRODUCTS_DIR; };
		5DC755AB1D19E9E8000608C0 /* AppDelegate.swift */ = {isa = PBXFileReference; lastKnownFileType = sourcecode.swift; path = AppDelegate.swift; sourceTree = "<group>"; };
		5DC755AD1D19E9E8000608C0 /* ViewController.swift */ = {isa = PBXFileReference; lastKnownFileType = sourcecode.swift; path = ViewController.swift; sourceTree = "<group>"; };
		5DC755B21D19E9E8000608C0 /* Assets.xcassets */ = {isa = PBXFileReference; lastKnownFileType = folder.assetcatalog; path = Assets.xcassets; sourceTree = "<group>"; };
		5DC755B51D19E9E8000608C0 /* Base */ = {isa = PBXFileReference; lastKnownFileType = file.storyboard; name = Base; path = Base.lproj/LaunchScreen.storyboard; sourceTree = "<group>"; };
		5DC755B71D19E9E8000608C0 /* Info.plist */ = {isa = PBXFileReference; lastKnownFileType = text.plist.xml; path = Info.plist; sourceTree = "<group>"; };
		5DC755BC1D19E9E9000608C0 /* ActivityIndicatorTestTests.xctest */ = {isa = PBXFileReference; explicitFileType = wrapper.cfbundle; includeInIndex = 0; path = ActivityIndicatorTestTests.xctest; sourceTree = BUILT_PRODUCTS_DIR; };
		5DC755C01D19E9E9000608C0 /* ActivityIndicatorTestTests.swift */ = {isa = PBXFileReference; lastKnownFileType = sourcecode.swift; path = ActivityIndicatorTestTests.swift; sourceTree = "<group>"; };
		5DC755C21D19E9E9000608C0 /* Info.plist */ = {isa = PBXFileReference; lastKnownFileType = text.plist.xml; path = Info.plist; sourceTree = "<group>"; };
		5DC755C71D19E9E9000608C0 /* ActivityIndicatorTestUITests.xctest */ = {isa = PBXFileReference; explicitFileType = wrapper.cfbundle; includeInIndex = 0; path = ActivityIndicatorTestUITests.xctest; sourceTree = BUILT_PRODUCTS_DIR; };
		5DC755CB1D19E9E9000608C0 /* ActivityIndicatorTestUITests.swift */ = {isa = PBXFileReference; lastKnownFileType = sourcecode.swift; path = ActivityIndicatorTestUITests.swift; sourceTree = "<group>"; };
		5DC755CD1D19E9E9000608C0 /* Info.plist */ = {isa = PBXFileReference; lastKnownFileType = text.plist.xml; path = Info.plist; sourceTree = "<group>"; };
		5DC755EF1D1B70FB000608C0 /* MUIPercentageIndicatorBar.swift */ = {isa = PBXFileReference; fileEncoding = 4; lastKnownFileType = sourcecode.swift; path = MUIPercentageIndicatorBar.swift; sourceTree = "<group>"; };
/* End PBXFileReference section */

/* Begin PBXFrameworksBuildPhase section */
		5DC755A51D19E9E8000608C0 /* Frameworks */ = {
			isa = PBXFrameworksBuildPhase;
			buildActionMask = 2147483647;
			files = (
			);
			runOnlyForDeploymentPostprocessing = 0;
		};
		5DC755B91D19E9E9000608C0 /* Frameworks */ = {
			isa = PBXFrameworksBuildPhase;
			buildActionMask = 2147483647;
			files = (
			);
			runOnlyForDeploymentPostprocessing = 0;
		};
		5DC755C41D19E9E9000608C0 /* Frameworks */ = {
			isa = PBXFrameworksBuildPhase;
			buildActionMask = 2147483647;
			files = (
			);
			runOnlyForDeploymentPostprocessing = 0;
		};
/* End PBXFrameworksBuildPhase section */

/* Begin PBXGroup section */
		5DC7559F1D19E9E8000608C0 = {
			isa = PBXGroup;
			children = (
				5DC755AA1D19E9E8000608C0 /* ActivityIndicatorTest */,
				5DC755BF1D19E9E9000608C0 /* ActivityIndicatorTestTests */,
				5DC755CA1D19E9E9000608C0 /* ActivityIndicatorTestUITests */,
				5DC755A91D19E9E8000608C0 /* Products */,
			);
			sourceTree = "<group>";
		};
		5DC755A91D19E9E8000608C0 /* Products */ = {
			isa = PBXGroup;
			children = (
				5DC755A81D19E9E8000608C0 /* ActivityIndicatorTest.app */,
				5DC755BC1D19E9E9000608C0 /* ActivityIndicatorTestTests.xctest */,
				5DC755C71D19E9E9000608C0 /* ActivityIndicatorTestUITests.xctest */,
			);
			name = Products;
			sourceTree = "<group>";
		};
		5DC755AA1D19E9E8000608C0 /* ActivityIndicatorTest */ = {
			isa = PBXGroup;
			children = (
				5DC755AB1D19E9E8000608C0 /* AppDelegate.swift */,
				5DC755AD1D19E9E8000608C0 /* ViewController.swift */,
				5DC755B21D19E9E8000608C0 /* Assets.xcassets */,
				5DC755B41D19E9E8000608C0 /* LaunchScreen.storyboard */,
				5DC755B71D19E9E8000608C0 /* Info.plist */,
				5DC755EF1D1B70FB000608C0 /* MUIPercentageIndicatorBar.swift */,
			);
			path = ActivityIndicatorTest;
			sourceTree = "<group>";
		};
		5DC755BF1D19E9E9000608C0 /* ActivityIndicatorTestTests */ = {
			isa = PBXGroup;
			children = (
				5DC755C01D19E9E9000608C0 /* ActivityIndicatorTestTests.swift */,
				5DC755C21D19E9E9000608C0 /* Info.plist */,
			);
			path = ActivityIndicatorTestTests;
			sourceTree = "<group>";
		};
		5DC755CA1D19E9E9000608C0 /* ActivityIndicatorTestUITests */ = {
			isa = PBXGroup;
			children = (
				5DC755CB1D19E9E9000608C0 /* ActivityIndicatorTestUITests.swift */,
				5DC755CD1D19E9E9000608C0 /* Info.plist */,
			);
			path = ActivityIndicatorTestUITests;
			sourceTree = "<group>";
		};
/* End PBXGroup section */

/* Begin PBXNativeTarget section */
		5DC755A71D19E9E8000608C0 /* ActivityIndicatorTest */ = {
			isa = PBXNativeTarget;
			buildConfigurationList = 5DC755D01D19E9E9000608C0 /* Build configuration list for PBXNativeTarget "ActivityIndicatorTest" */;
			buildPhases = (
				5DC755A41D19E9E8000608C0 /* Sources */,
				5DC755A51D19E9E8000608C0 /* Frameworks */,
				5DC755A61D19E9E8000608C0 /* Resources */,
			);
			buildRules = (
			);
			dependencies = (
			);
			name = ActivityIndicatorTest;
			productName = ActivityIndicatorTest;
			productReference = 5DC755A81D19E9E8000608C0 /* ActivityIndicatorTest.app */;
			productType = "com.apple.product-type.application";
		};
		5DC755BB1D19E9E9000608C0 /* ActivityIndicatorTestTests */ = {
			isa = PBXNativeTarget;
			buildConfigurationList = 5DC755D31D19E9E9000608C0 /* Build configuration list for PBXNativeTarget "ActivityIndicatorTestTests" */;
			buildPhases = (
				5DC755B81D19E9E9000608C0 /* Sources */,
				5DC755B91D19E9E9000608C0 /* Frameworks */,
				5DC755BA1D19E9E9000608C0 /* Resources */,
			);
			buildRules = (
			);
			dependencies = (
				5DC755BE1D19E9E9000608C0 /* PBXTargetDependency */,
			);
			name = ActivityIndicatorTestTests;
			productName = ActivityIndicatorTestTests;
			productReference = 5DC755BC1D19E9E9000608C0 /* ActivityIndicatorTestTests.xctest */;
			productType = "com.apple.product-type.bundle.unit-test";
		};
		5DC755C61D19E9E9000608C0 /* ActivityIndicatorTestUITests */ = {
			isa = PBXNativeTarget;
			buildConfigurationList = 5DC755D61D19E9E9000608C0 /* Build configuration list for PBXNativeTarget "ActivityIndicatorTestUITests" */;
			buildPhases = (
				5DC755C31D19E9E9000608C0 /* Sources */,
				5DC755C41D19E9E9000608C0 /* Frameworks */,
				5DC755C51D19E9E9000608C0 /* Resources */,
			);
			buildRules = (
			);
			dependencies = (
				5DC755C91D19E9E9000608C0 /* PBXTargetDependency */,
			);
			name = ActivityIndicatorTestUITests;
			productName = ActivityIndicatorTestUITests;
			productReference = 5DC755C71D19E9E9000608C0 /* ActivityIndicatorTestUITests.xctest */;
			productType = "com.apple.product-type.bundle.ui-testing";
		};
/* End PBXNativeTarget section */

/* Begin PBXProject section */
		5DC755A01D19E9E8000608C0 /* Project object */ = {
			isa = PBXProject;
			attributes = {
				LastSwiftUpdateCheck = 0730;
				LastUpgradeCheck = 0730;
				ORGANIZATIONNAME = "Jackie Meggesto";
				TargetAttributes = {
					5DC755A71D19E9E8000608C0 = {
						CreatedOnToolsVersion = 7.3.1;
					};
					5DC755BB1D19E9E9000608C0 = {
						CreatedOnToolsVersion = 7.3.1;
						TestTargetID = 5DC755A71D19E9E8000608C0;
					};
					5DC755C61D19E9E9000608C0 = {
						CreatedOnToolsVersion = 7.3.1;
						TestTargetID = 5DC755A71D19E9E8000608C0;
					};
				};
			};
			buildConfigurationList = 5DC755A31D19E9E8000608C0 /* Build configuration list for PBXProject "ActivityIndicatorTest" */;
			compatibilityVersion = "Xcode 3.2";
			developmentRegion = English;
			hasScannedForEncodings = 0;
			knownRegions = (
				en,
				Base,
			);
			mainGroup = 5DC7559F1D19E9E8000608C0;
			productRefGroup = 5DC755A91D19E9E8000608C0 /* Products */;
			projectDirPath = "";
			projectRoot = "";
			targets = (
				5DC755A71D19E9E8000608C0 /* ActivityIndicatorTest */,
				5DC755BB1D19E9E9000608C0 /* ActivityIndicatorTestTests */,
				5DC755C61D19E9E9000608C0 /* ActivityIndicatorTestUITests */,
			);
		};
/* End PBXProject section */

/* Begin PBXResourcesBuildPhase section */
		5DC755A61D19E9E8000608C0 /* Resources */ = {
			isa = PBXResourcesBuildPhase;
			buildActionMask = 2147483647;
			files = (
				5DC755B61D19E9E8000608C0 /* LaunchScreen.storyboard in Resources */,
				5DC755B31D19E9E8000608C0 /* Assets.xcassets in Resources */,
			);
			runOnlyForDeploymentPostprocessing = 0;
		};
		5DC755BA1D19E9E9000608C0 /* Resources */ = {
			isa = PBXResourcesBuildPhase;
			buildActionMask = 2147483647;
			files = (
			);
			runOnlyForDeploymentPostprocessing = 0;
		};
		5DC755C51D19E9E9000608C0 /* Resources */ = {
			isa = PBXResourcesBuildPhase;
			buildActionMask = 2147483647;
			files = (
			);
			runOnlyForDeploymentPostprocessing = 0;
		};
/* End PBXResourcesBuildPhase section */

/* Begin PBXSourcesBuildPhase section */
		5DC755A41D19E9E8000608C0 /* Sources */ = {
			isa = PBXSourcesBuildPhase;
			buildActionMask = 2147483647;
			files = (
				5DC755AE1D19E9E8000608C0 /* ViewController.swift in Sources */,
				5DC755F01D1B70FB000608C0 /* MUIPercentageIndicatorBar.swift in Sources */,
				5DC755AC1D19E9E8000608C0 /* AppDelegate.swift in Sources */,
			);
			runOnlyForDeploymentPostprocessing = 0;
		};
		5DC755B81D19E9E9000608C0 /* Sources */ = {
			isa = PBXSourcesBuildPhase;
			buildActionMask = 2147483647;
			files = (
				5DC755C11D19E9E9000608C0 /* ActivityIndicatorTestTests.swift in Sources */,
			);
			runOnlyForDeploymentPostprocessing = 0;
		};
		5DC755C31D19E9E9000608C0 /* Sources */ = {
			isa = PBXSourcesBuildPhase;
			buildActionMask = 2147483647;
			files = (
				5DC755CC1D19E9E9000608C0 /* ActivityIndicatorTestUITests.swift in Sources */,
			);
			runOnlyForDeploymentPostprocessing = 0;
		};
/* End PBXSourcesBuildPhase section */

/* Begin PBXTargetDependency section */
		5DC755BE1D19E9E9000608C0 /* PBXTargetDependency */ = {
			isa = PBXTargetDependency;
			target = 5DC755A71D19E9E8000608C0 /* ActivityIndicatorTest */;
			targetProxy = 5DC755BD1D19E9E9000608C0 /* PBXContainerItemProxy */;
		};
		5DC755C91D19E9E9000608C0 /* PBXTargetDependency */ = {
			isa = PBXTargetDependency;
			target = 5DC755A71D19E9E8000608C0 /* ActivityIndicatorTest */;
			targetProxy = 5DC755C81D19E9E9000608C0 /* PBXContainerItemProxy */;
		};
/* End PBXTargetDependency section */

/* Begin PBXVariantGroup section */
		5DC755B41D19E9E8000608C0 /* LaunchScreen.storyboard */ = {
			isa = PBXVariantGroup;
			children = (
				5DC755B51D19E9E8000608C0 /* Base */,
			);
			name = LaunchScreen.storyboard;
			sourceTree = "<group>";
		};
/* End PBXVariantGroup section */

/* Begin XCBuildConfiguration section */
		5DC755CE1D19E9E9000608C0 /* Debug */ = {
			isa = XCBuildConfiguration;
			buildSettings = {
				ALWAYS_SEARCH_USER_PATHS = NO;
				CLANG_ANALYZER_NONNULL = YES;
				CLANG_CXX_LANGUAGE_STANDARD = "gnu++0x";
				CLANG_CXX_LIBRARY = "libc++";
				CLANG_ENABLE_MODULES = YES;
				CLANG_ENABLE_OBJC_ARC = YES;
				CLANG_WARN_BOOL_CONVERSION = YES;
				CLANG_WARN_CONSTANT_CONVERSION = YES;
				CLANG_WARN_DIRECT_OBJC_ISA_USAGE = YES_ERROR;
				CLANG_WARN_EMPTY_BODY = YES;
				CLANG_WARN_ENUM_CONVERSION = YES;
				CLANG_WARN_INT_CONVERSION = YES;
				CLANG_WARN_OBJC_ROOT_CLASS = YES_ERROR;
				CLANG_WARN_UNREACHABLE_CODE = YES;
				CLANG_WARN__DUPLICATE_METHOD_MATCH = YES;
				"CODE_SIGN_IDENTITY[sdk=iphoneos*]" = "iPhone Developer";
				COPY_PHASE_STRIP = NO;
				DEBUG_INFORMATION_FORMAT = dwarf;
				ENABLE_STRICT_OBJC_MSGSEND = YES;
				ENABLE_TESTABILITY = YES;
				GCC_C_LANGUAGE_STANDARD = gnu99;
				GCC_DYNAMIC_NO_PIC = NO;
				GCC_NO_COMMON_BLOCKS = YES;
				GCC_OPTIMIZATION_LEVEL = 0;
				GCC_PREPROCESSOR_DEFINITIONS = (
					"DEBUG=1",
					"$(inherited)",
				);
				GCC_WARN_64_TO_32_BIT_CONVERSION = YES;
				GCC_WARN_ABOUT_RETURN_TYPE = YES_ERROR;
				GCC_WARN_UNDECLARED_SELECTOR = YES;
				GCC_WARN_UNINITIALIZED_AUTOS = YES_AGGRESSIVE;
				GCC_WARN_UNUSED_FUNCTION = YES;
				GCC_WARN_UNUSED_VARIABLE = YES;
				IPHONEOS_DEPLOYMENT_TARGET = 9.3;
				MTL_ENABLE_DEBUG_INFO = YES;
				ONLY_ACTIVE_ARCH = YES;
				SDKROOT = iphoneos;
				SWIFT_OPTIMIZATION_LEVEL = "-Onone";
				TARGETED_DEVICE_FAMILY = "1,2";
			};
			name = Debug;
		};
		5DC755CF1D19E9E9000608C0 /* Release */ = {
			isa = XCBuildConfiguration;
			buildSettings = {
				ALWAYS_SEARCH_USER_PATHS = NO;
				CLANG_ANALYZER_NONNULL = YES;
				CLANG_CXX_LANGUAGE_STANDARD = "gnu++0x";
				CLANG_CXX_LIBRARY = "libc++";
				CLANG_ENABLE_MODULES = YES;
				CLANG_ENABLE_OBJC_ARC = YES;
				CLANG_WARN_BOOL_CONVERSION = YES;
				CLANG_WARN_CONSTANT_CONVERSION = YES;
				CLANG_WARN_DIRECT_OBJC_ISA_USAGE = YES_ERROR;
				CLANG_WARN_EMPTY_BODY = YES;
				CLANG_WARN_ENUM_CONVERSION = YES;
				CLANG_WARN_INT_CONVERSION = YES;
				CLANG_WARN_OBJC_ROOT_CLASS = YES_ERROR;
				CLANG_WARN_UNREACHABLE_CODE = YES;
				CLANG_WARN__DUPLICATE_METHOD_MATCH = YES;
				"CODE_SIGN_IDENTITY[sdk=iphoneos*]" = "iPhone Developer";
				COPY_PHASE_STRIP = NO;
				DEBUG_INFORMATION_FORMAT = "dwarf-with-dsym";
				ENABLE_NS_ASSERTIONS = NO;
				ENABLE_STRICT_OBJC_MSGSEND = YES;
				GCC_C_LANGUAGE_STANDARD = gnu99;
				GCC_NO_COMMON_BLOCKS = YES;
				GCC_WARN_64_TO_32_BIT_CONVERSION = YES;
				GCC_WARN_ABOUT_RETURN_TYPE = YES_ERROR;
				GCC_WARN_UNDECLARED_SELECTOR = YES;
				GCC_WARN_UNINITIALIZED_AUTOS = YES_AGGRESSIVE;
				GCC_WARN_UNUSED_FUNCTION = YES;
				GCC_WARN_UNUSED_VARIABLE = YES;
				IPHONEOS_DEPLOYMENT_TARGET = 9.3;
				MTL_ENABLE_DEBUG_INFO = NO;
				SDKROOT = iphoneos;
				TARGETED_DEVICE_FAMILY = "1,2";
				VALIDATE_PRODUCT = YES;
			};
			name = Release;
		};
		5DC755D11D19E9E9000608C0 /* Debug */ = {
			isa = XCBuildConfiguration;
			buildSettings = {
				ASSETCATALOG_COMPILER_APPICON_NAME = AppIcon;
				INFOPLIST_FILE = ActivityIndicatorTest/Info.plist;
				LD_RUNPATH_SEARCH_PATHS = "$(inherited) @executable_path/Frameworks";
				PRODUCT_BUNDLE_IDENTIFIER = com.meggesto.ActivityIndicatorTest;
				PRODUCT_NAME = "$(TARGET_NAME)";
			};
			name = Debug;
		};
		5DC755D21D19E9E9000608C0 /* Release */ = {
			isa = XCBuildConfiguration;
			buildSettings = {
				ASSETCATALOG_COMPILER_APPICON_NAME = AppIcon;
				INFOPLIST_FILE = ActivityIndicatorTest/Info.plist;
				LD_RUNPATH_SEARCH_PATHS = "$(inherited) @executable_path/Frameworks";
				PRODUCT_BUNDLE_IDENTIFIER = com.meggesto.ActivityIndicatorTest;
				PRODUCT_NAME = "$(TARGET_NAME)";
			};
			name = Release;
		};
		5DC755D41D19E9E9000608C0 /* Debug */ = {
			isa = XCBuildConfiguration;
			buildSettings = {
				BUNDLE_LOADER = "$(TEST_HOST)";
				INFOPLIST_FILE = ActivityIndicatorTestTests/Info.plist;
				LD_RUNPATH_SEARCH_PATHS = "$(inherited) @executable_path/Frameworks @loader_path/Frameworks";
				PRODUCT_BUNDLE_IDENTIFIER = com.meggesto.ActivityIndicatorTestTests;
				PRODUCT_NAME = "$(TARGET_NAME)";
				TEST_HOST = "$(BUILT_PRODUCTS_DIR)/ActivityIndicatorTest.app/ActivityIndicatorTest";
			};
			name = Debug;
		};
		5DC755D51D19E9E9000608C0 /* Release */ = {
			isa = XCBuildConfiguration;
			buildSettings = {
				BUNDLE_LOADER = "$(TEST_HOST)";
				INFOPLIST_FILE = ActivityIndicatorTestTests/Info.plist;
				LD_RUNPATH_SEARCH_PATHS = "$(inherited) @executable_path/Frameworks @loader_path/Frameworks";
				PRODUCT_BUNDLE_IDENTIFIER = com.meggesto.ActivityIndicatorTestTests;
				PRODUCT_NAME = "$(TARGET_NAME)";
				TEST_HOST = "$(BUILT_PRODUCTS_DIR)/ActivityIndicatorTest.app/ActivityIndicatorTest";
			};
			name = Release;
		};
		5DC755D71D19E9E9000608C0 /* Debug */ = {
			isa = XCBuildConfiguration;
			buildSettings = {
				INFOPLIST_FILE = ActivityIndicatorTestUITests/Info.plist;
				LD_RUNPATH_SEARCH_PATHS = "$(inherited) @executable_path/Frameworks @loader_path/Frameworks";
				PRODUCT_BUNDLE_IDENTIFIER = com.meggesto.ActivityIndicatorTestUITests;
				PRODUCT_NAME = "$(TARGET_NAME)";
				TEST_TARGET_NAME = ActivityIndicatorTest;
			};
			name = Debug;
		};
		5DC755D81D19E9E9000608C0 /* Release */ = {
			isa = XCBuildConfiguration;
			buildSettings = {
				INFOPLIST_FILE = ActivityIndicatorTestUITests/Info.plist;
				LD_RUNPATH_SEARCH_PATHS = "$(inherited) @executable_path/Frameworks @loader_path/Frameworks";
				PRODUCT_BUNDLE_IDENTIFIER = com.meggesto.ActivityIndicatorTestUITests;
				PRODUCT_NAME = "$(TARGET_NAME)";
				TEST_TARGET_NAME = ActivityIndicatorTest;
			};
			name = Release;
		};
/* End XCBuildConfiguration section */

/* Begin XCConfigurationList section */
		5DC755A31D19E9E8000608C0 /* Build configuration list for PBXProject "ActivityIndicatorTest" */ = {
			isa = XCConfigurationList;
			buildConfigurations = (
				5DC755CE1D19E9E9000608C0 /* Debug */,
				5DC755CF1D19E9E9000608C0 /* Release */,
			);
			defaultConfigurationIsVisible = 0;
			defaultConfigurationName = Release;
		};
		5DC755D01D19E9E9000608C0 /* Build configuration list for PBXNativeTarget "ActivityIndicatorTest" */ = {
			isa = XCConfigurationList;
			buildConfigurations = (
				5DC755D11D19E9E9000608C0 /* Debug */,
				5DC755D21D19E9E9000608C0 /* Release */,
			);
			defaultConfigurationIsVisible = 0;
			defaultConfigurationName = Release;
		};
		5DC755D31D19E9E9000608C0 /* Build configuration list for PBXNativeTarget "ActivityIndicatorTestTests" */ = {
			isa = XCConfigurationList;
			buildConfigurations = (
				5DC755D41D19E9E9000608C0 /* Debug */,
				5DC755D51D19E9E9000608C0 /* Release */,
			);
			defaultConfigurationIsVisible = 0;
			defaultConfigurationName = Release;
		};
		5DC755D61D19E9E9000608C0 /* Build configuration list for PBXNativeTarget "ActivityIndicatorTestUITests" */ = {
			isa = XCConfigurationList;
			buildConfigurations = (
				5DC755D71D19E9E9000608C0 /* Debug */,
				5DC755D81D19E9E9000608C0 /* Release */,
			);
			defaultConfigurationIsVisible = 0;
			defaultConfigurationName = Release;
		};
/* End XCConfigurationList section */
	};
	rootObject = 5DC755A01D19E9E8000608C0 /* Project object */;
}
